// !$*UTF8*$!
{
	archiveVersion = 1;
	classes = {
	};
	objectVersion = 56;
	objects = {

/* Begin PBXBuildFile section */
		57CBDD182AFAA99700051588 /* To_Do_AppApp.swift in Sources */ = {isa = PBXBuildFile; fileRef = 57CBDD172AFAA99700051588 /* To_Do_AppApp.swift */; };
		57CBDD1A2AFAA99700051588 /* ContentView.swift in Sources */ = {isa = PBXBuildFile; fileRef = 57CBDD192AFAA99700051588 /* ContentView.swift */; };
		57CBDD1C2AFAA99A00051588 /* Assets.xcassets in Resources */ = {isa = PBXBuildFile; fileRef = 57CBDD1B2AFAA99A00051588 /* Assets.xcassets */; };
		57CBDD1F2AFAA99A00051588 /* Preview Assets.xcassets in Resources */ = {isa = PBXBuildFile; fileRef = 57CBDD1E2AFAA99A00051588 /* Preview Assets.xcassets */; };
		57CBDD212AFAA99A00051588 /* Persistence.swift in Sources */ = {isa = PBXBuildFile; fileRef = 57CBDD202AFAA99A00051588 /* Persistence.swift */; };
		57CBDD242AFAA99A00051588 /* To_Do_App.xcdatamodeld in Sources */ = {isa = PBXBuildFile; fileRef = 57CBDD222AFAA99A00051588 /* To_Do_App.xcdatamodeld */; };
		57CBDD2E2AFAA99A00051588 /* To_Do_AppTests.swift in Sources */ = {isa = PBXBuildFile; fileRef = 57CBDD2D2AFAA99A00051588 /* To_Do_AppTests.swift */; };
		57CBDD382AFAA99A00051588 /* To_Do_AppUITests.swift in Sources */ = {isa = PBXBuildFile; fileRef = 57CBDD372AFAA99A00051588 /* To_Do_AppUITests.swift */; };
		57CBDD3A2AFAA99A00051588 /* To_Do_AppUITestsLaunchTests.swift in Sources */ = {isa = PBXBuildFile; fileRef = 57CBDD392AFAA99A00051588 /* To_Do_AppUITestsLaunchTests.swift */; };
/* End PBXBuildFile section */

/* Begin PBXContainerItemProxy section */
		57CBDD2A2AFAA99A00051588 /* PBXContainerItemProxy */ = {
			isa = PBXContainerItemProxy;
			containerPortal = 57CBDD0C2AFAA99700051588 /* Project object */;
			proxyType = 1;
			remoteGlobalIDString = 57CBDD132AFAA99700051588;
			remoteInfo = "To Do App";
		};
		57CBDD342AFAA99A00051588 /* PBXContainerItemProxy */ = {
			isa = PBXContainerItemProxy;
			containerPortal = 57CBDD0C2AFAA99700051588 /* Project object */;
			proxyType = 1;
			remoteGlobalIDString = 57CBDD132AFAA99700051588;
			remoteInfo = "To Do App";
		};
/* End PBXContainerItemProxy section */

/* Begin PBXFileReference section */
		57CBDD142AFAA99700051588 /* To Do App.app */ = {isa = PBXFileReference; explicitFileType = wrapper.application; includeInIndex = 0; path = "To Do App.app"; sourceTree = BUILT_PRODUCTS_DIR; };
		57CBDD172AFAA99700051588 /* To_Do_AppApp.swift */ = {isa = PBXFileReference; lastKnownFileType = sourcecode.swift; path = To_Do_AppApp.swift; sourceTree = "<group>"; };
		57CBDD192AFAA99700051588 /* ContentView.swift */ = {isa = PBXFileReference; lastKnownFileType = sourcecode.swift; path = ContentView.swift; sourceTree = "<group>"; };
		57CBDD1B2AFAA99A00051588 /* Assets.xcassets */ = {isa = PBXFileReference; lastKnownFileType = folder.assetcatalog; path = Assets.xcassets; sourceTree = "<group>"; };
		57CBDD1E2AFAA99A00051588 /* Preview Assets.xcassets */ = {isa = PBXFileReference; lastKnownFileType = folder.assetcatalog; path = "Preview Assets.xcassets"; sourceTree = "<group>"; };
		57CBDD202AFAA99A00051588 /* Persistence.swift */ = {isa = PBXFileReference; lastKnownFileType = sourcecode.swift; path = Persistence.swift; sourceTree = "<group>"; };
		57CBDD232AFAA99A00051588 /* To_Do_App.xcdatamodel */ = {isa = PBXFileReference; lastKnownFileType = wrapper.xcdatamodel; path = To_Do_App.xcdatamodel; sourceTree = "<group>"; };
		57CBDD292AFAA99A00051588 /* To Do AppTests.xctest */ = {isa = PBXFileReference; explicitFileType = wrapper.cfbundle; includeInIndex = 0; path = "To Do AppTests.xctest"; sourceTree = BUILT_PRODUCTS_DIR; };
		57CBDD2D2AFAA99A00051588 /* To_Do_AppTests.swift */ = {isa = PBXFileReference; lastKnownFileType = sourcecode.swift; path = To_Do_AppTests.swift; sourceTree = "<group>"; };
		57CBDD332AFAA99A00051588 /* To Do AppUITests.xctest */ = {isa = PBXFileReference; explicitFileType = wrapper.cfbundle; includeInIndex = 0; path = "To Do AppUITests.xctest"; sourceTree = BUILT_PRODUCTS_DIR; };
		57CBDD372AFAA99A00051588 /* To_Do_AppUITests.swift */ = {isa = PBXFileReference; lastKnownFileType = sourcecode.swift; path = To_Do_AppUITests.swift; sourceTree = "<group>"; };
		57CBDD392AFAA99A00051588 /* To_Do_AppUITestsLaunchTests.swift */ = {isa = PBXFileReference; lastKnownFileType = sourcecode.swift; path = To_Do_AppUITestsLaunchTests.swift; sourceTree = "<group>"; };
/* End PBXFileReference section */

/* Begin PBXFrameworksBuildPhase section */
		57CBDD112AFAA99700051588 /* Frameworks */ = {
			isa = PBXFrameworksBuildPhase;
			buildActionMask = 2147483647;
			files = (
			);
			runOnlyForDeploymentPostprocessing = 0;
		};
		57CBDD262AFAA99A00051588 /* Frameworks */ = {
			isa = PBXFrameworksBuildPhase;
			buildActionMask = 2147483647;
			files = (
			);
			runOnlyForDeploymentPostprocessing = 0;
		};
		57CBDD302AFAA99A00051588 /* Frameworks */ = {
			isa = PBXFrameworksBuildPhase;
			buildActionMask = 2147483647;
			files = (
			);
			runOnlyForDeploymentPostprocessing = 0;
		};
/* End PBXFrameworksBuildPhase section */

/* Begin PBXGroup section */
		57CBDD0B2AFAA99700051588 = {
			isa = PBXGroup;
			children = (
				57CBDD162AFAA99700051588 /* To Do App */,
				57CBDD2C2AFAA99A00051588 /* To Do AppTests */,
				57CBDD362AFAA99A00051588 /* To Do AppUITests */,
				57CBDD152AFAA99700051588 /* Products */,
			);
			sourceTree = "<group>";
		};
		57CBDD152AFAA99700051588 /* Products */ = {
			isa = PBXGroup;
			children = (
				57CBDD142AFAA99700051588 /* To Do App.app */,
				57CBDD292AFAA99A00051588 /* To Do AppTests.xctest */,
				57CBDD332AFAA99A00051588 /* To Do AppUITests.xctest */,
			);
			name = Products;
			sourceTree = "<group>";
		};
		57CBDD162AFAA99700051588 /* To Do App */ = {
			isa = PBXGroup;
			children = (
				57CBDD172AFAA99700051588 /* To_Do_AppApp.swift */,
				57CBDD192AFAA99700051588 /* ContentView.swift */,
				57CBDD1B2AFAA99A00051588 /* Assets.xcassets */,
				57CBDD202AFAA99A00051588 /* Persistence.swift */,
				57CBDD222AFAA99A00051588 /* To_Do_App.xcdatamodeld */,
				57CBDD1D2AFAA99A00051588 /* Preview Content */,
			);
			path = "To Do App";
			sourceTree = "<group>";
		};
		57CBDD1D2AFAA99A00051588 /* Preview Content */ = {
			isa = PBXGroup;
			children = (
				57CBDD1E2AFAA99A00051588 /* Preview Assets.xcassets */,
			);
			path = "Preview Content";
			sourceTree = "<group>";
		};
		57CBDD2C2AFAA99A00051588 /* To Do AppTests */ = {
			isa = PBXGroup;
			children = (
				57CBDD2D2AFAA99A00051588 /* To_Do_AppTests.swift */,
			);
			path = "To Do AppTests";
			sourceTree = "<group>";
		};
		57CBDD362AFAA99A00051588 /* To Do AppUITests */ = {
			isa = PBXGroup;
			children = (
				57CBDD372AFAA99A00051588 /* To_Do_AppUITests.swift */,
				57CBDD392AFAA99A00051588 /* To_Do_AppUITestsLaunchTests.swift */,
			);
			path = "To Do AppUITests";
			sourceTree = "<group>";
		};
/* End PBXGroup section */

/* Begin PBXNativeTarget section */
		57CBDD132AFAA99700051588 /* To Do App */ = {
			isa = PBXNativeTarget;
			buildConfigurationList = 57CBDD3D2AFAA99A00051588 /* Build configuration list for PBXNativeTarget "To Do App" */;
			buildPhases = (
				57CBDD102AFAA99700051588 /* Sources */,
				57CBDD112AFAA99700051588 /* Frameworks */,
				57CBDD122AFAA99700051588 /* Resources */,
			);
			buildRules = (
			);
			dependencies = (
			);
			name = "To Do App";
			productName = "To Do App";
			productReference = 57CBDD142AFAA99700051588 /* To Do App.app */;
			productType = "com.apple.product-type.application";
		};
		57CBDD282AFAA99A00051588 /* To Do AppTests */ = {
			isa = PBXNativeTarget;
			buildConfigurationList = 57CBDD402AFAA99A00051588 /* Build configuration list for PBXNativeTarget "To Do AppTests" */;
			buildPhases = (
				57CBDD252AFAA99A00051588 /* Sources */,
				57CBDD262AFAA99A00051588 /* Frameworks */,
				57CBDD272AFAA99A00051588 /* Resources */,
			);
			buildRules = (
			);
			dependencies = (
				57CBDD2B2AFAA99A00051588 /* PBXTargetDependency */,
			);
			name = "To Do AppTests";
			productName = "To Do AppTests";
			productReference = 57CBDD292AFAA99A00051588 /* To Do AppTests.xctest */;
			productType = "com.apple.product-type.bundle.unit-test";
		};
		57CBDD322AFAA99A00051588 /* To Do AppUITests */ = {
			isa = PBXNativeTarget;
			buildConfigurationList = 57CBDD432AFAA99A00051588 /* Build configuration list for PBXNativeTarget "To Do AppUITests" */;
			buildPhases = (
				57CBDD2F2AFAA99A00051588 /* Sources */,
				57CBDD302AFAA99A00051588 /* Frameworks */,
				57CBDD312AFAA99A00051588 /* Resources */,
			);
			buildRules = (
			);
			dependencies = (
				57CBDD352AFAA99A00051588 /* PBXTargetDependency */,
			);
			name = "To Do AppUITests";
			productName = "To Do AppUITests";
			productReference = 57CBDD332AFAA99A00051588 /* To Do AppUITests.xctest */;
			productType = "com.apple.product-type.bundle.ui-testing";
		};
/* End PBXNativeTarget section */

/* Begin PBXProject section */
		57CBDD0C2AFAA99700051588 /* Project object */ = {
			isa = PBXProject;
			attributes = {
				BuildIndependentTargetsInParallel = 1;
				LastSwiftUpdateCheck = 1500;
				LastUpgradeCheck = 1500;
				TargetAttributes = {
					57CBDD132AFAA99700051588 = {
						CreatedOnToolsVersion = 15.0.1;
					};
					57CBDD282AFAA99A00051588 = {
						CreatedOnToolsVersion = 15.0.1;
						TestTargetID = 57CBDD132AFAA99700051588;
					};
					57CBDD322AFAA99A00051588 = {
						CreatedOnToolsVersion = 15.0.1;
						TestTargetID = 57CBDD132AFAA99700051588;
					};
				};
			};
			buildConfigurationList = 57CBDD0F2AFAA99700051588 /* Build configuration list for PBXProject "To Do App" */;
			compatibilityVersion = "Xcode 14.0";
			developmentRegion = en;
			hasScannedForEncodings = 0;
			knownRegions = (
				en,
				Base,
			);
			mainGroup = 57CBDD0B2AFAA99700051588;
			productRefGroup = 57CBDD152AFAA99700051588 /* Products */;
			projectDirPath = "";
			projectRoot = "";
			targets = (
				57CBDD132AFAA99700051588 /* To Do App */,
				57CBDD282AFAA99A00051588 /* To Do AppTests */,
				57CBDD322AFAA99A00051588 /* To Do AppUITests */,
			);
		};
/* End PBXProject section */

/* Begin PBXResourcesBuildPhase section */
		57CBDD122AFAA99700051588 /* Resources */ = {
			isa = PBXResourcesBuildPhase;
			buildActionMask = 2147483647;
			files = (
				57CBDD1F2AFAA99A00051588 /* Preview Assets.xcassets in Resources */,
				57CBDD1C2AFAA99A00051588 /* Assets.xcassets in Resources */,
			);
			runOnlyForDeploymentPostprocessing = 0;
		};
		57CBDD272AFAA99A00051588 /* Resources */ = {
			isa = PBXResourcesBuildPhase;
			buildActionMask = 2147483647;
			files = (
			);
			runOnlyForDeploymentPostprocessing = 0;
		};
		57CBDD312AFAA99A00051588 /* Resources */ = {
			isa = PBXResourcesBuildPhase;
			buildActionMask = 2147483647;
			files = (
			);
			runOnlyForDeploymentPostprocessing = 0;
		};
/* End PBXResourcesBuildPhase section */

/* Begin PBXSourcesBuildPhase section */
		57CBDD102AFAA99700051588 /* Sources */ = {
			isa = PBXSourcesBuildPhase;
			buildActionMask = 2147483647;
			files = (
				57CBDD212AFAA99A00051588 /* Persistence.swift in Sources */,
				57CBDD1A2AFAA99700051588 /* ContentView.swift in Sources */,
				57CBDD182AFAA99700051588 /* To_Do_AppApp.swift in Sources */,
				57CBDD242AFAA99A00051588 /* To_Do_App.xcdatamodeld in Sources */,
			);
			runOnlyForDeploymentPostprocessing = 0;
		};
		57CBDD252AFAA99A00051588 /* Sources */ = {
			isa = PBXSourcesBuildPhase;
			buildActionMask = 2147483647;
			files = (
				57CBDD2E2AFAA99A00051588 /* To_Do_AppTests.swift in Sources */,
			);
			runOnlyForDeploymentPostprocessing = 0;
		};
		57CBDD2F2AFAA99A00051588 /* Sources */ = {
			isa = PBXSourcesBuildPhase;
			buildActionMask = 2147483647;
			files = (
				57CBDD3A2AFAA99A00051588 /* To_Do_AppUITestsLaunchTests.swift in Sources */,
				57CBDD382AFAA99A00051588 /* To_Do_AppUITests.swift in Sources */,
			);
			runOnlyForDeploymentPostprocessing = 0;
		};
/* End PBXSourcesBuildPhase section */

/* Begin PBXTargetDependency section */
		57CBDD2B2AFAA99A00051588 /* PBXTargetDependency */ = {
			isa = PBXTargetDependency;
			target = 57CBDD132AFAA99700051588 /* To Do App */;
			targetProxy = 57CBDD2A2AFAA99A00051588 /* PBXContainerItemProxy */;
		};
		57CBDD352AFAA99A00051588 /* PBXTargetDependency */ = {
			isa = PBXTargetDependency;
			target = 57CBDD132AFAA99700051588 /* To Do App */;
			targetProxy = 57CBDD342AFAA99A00051588 /* PBXContainerItemProxy */;
		};
/* End PBXTargetDependency section */

/* Begin XCBuildConfiguration section */
		57CBDD3B2AFAA99A00051588 /* Debug */ = {
			isa = XCBuildConfiguration;
			buildSettings = {
				ALWAYS_SEARCH_USER_PATHS = NO;
				ASSETCATALOG_COMPILER_GENERATE_SWIFT_ASSET_SYMBOL_EXTENSIONS = YES;
				CLANG_ANALYZER_NONNULL = YES;
				CLANG_ANALYZER_NUMBER_OBJECT_CONVERSION = YES_AGGRESSIVE;
				CLANG_CXX_LANGUAGE_STANDARD = "gnu++20";
				CLANG_ENABLE_MODULES = YES;
				CLANG_ENABLE_OBJC_ARC = YES;
				CLANG_ENABLE_OBJC_WEAK = YES;
				CLANG_WARN_BLOCK_CAPTURE_AUTORELEASING = YES;
				CLANG_WARN_BOOL_CONVERSION = YES;
				CLANG_WARN_COMMA = YES;
				CLANG_WARN_CONSTANT_CONVERSION = YES;
				CLANG_WARN_DEPRECATED_OBJC_IMPLEMENTATIONS = YES;
				CLANG_WARN_DIRECT_OBJC_ISA_USAGE = YES_ERROR;
				CLANG_WARN_DOCUMENTATION_COMMENTS = YES;
				CLANG_WARN_EMPTY_BODY = YES;
				CLANG_WARN_ENUM_CONVERSION = YES;
				CLANG_WARN_INFINITE_RECURSION = YES;
				CLANG_WARN_INT_CONVERSION = YES;
				CLANG_WARN_NON_LITERAL_NULL_CONVERSION = YES;
				CLANG_WARN_OBJC_IMPLICIT_RETAIN_SELF = YES;
				CLANG_WARN_OBJC_LITERAL_CONVERSION = YES;
				CLANG_WARN_OBJC_ROOT_CLASS = YES_ERROR;
				CLANG_WARN_QUOTED_INCLUDE_IN_FRAMEWORK_HEADER = YES;
				CLANG_WARN_RANGE_LOOP_ANALYSIS = YES;
				CLANG_WARN_STRICT_PROTOTYPES = YES;
				CLANG_WARN_SUSPICIOUS_MOVE = YES;
				CLANG_WARN_UNGUARDED_AVAILABILITY = YES_AGGRESSIVE;
				CLANG_WARN_UNREACHABLE_CODE = YES;
				CLANG_WARN__DUPLICATE_METHOD_MATCH = YES;
				COPY_PHASE_STRIP = NO;
				DEBUG_INFORMATION_FORMAT = dwarf;
				ENABLE_STRICT_OBJC_MSGSEND = YES;
				ENABLE_TESTABILITY = YES;
				ENABLE_USER_SCRIPT_SANDBOXING = YES;
				GCC_C_LANGUAGE_STANDARD = gnu17;
				GCC_DYNAMIC_NO_PIC = NO;
				GCC_NO_COMMON_BLOCKS = YES;
				GCC_OPTIMIZATION_LEVEL = 0;
				GCC_PREPROCESSOR_DEFINITIONS = (
					"DEBUG=1",
					"$(inherited)",
				);
				GCC_WARN_64_TO_32_BIT_CONVERSION = YES;
				GCC_WARN_ABOUT_RETURN_TYPE = YES_ERROR;
				GCC_WARN_UNDECLARED_SELECTOR = YES;
				GCC_WARN_UNINITIALIZED_AUTOS = YES_AGGRESSIVE;
				GCC_WARN_UNUSED_FUNCTION = YES;
				GCC_WARN_UNUSED_VARIABLE = YES;
				IPHONEOS_DEPLOYMENT_TARGET = 17.0;
				LOCALIZATION_PREFERS_STRING_CATALOGS = YES;
				MTL_ENABLE_DEBUG_INFO = INCLUDE_SOURCE;
				MTL_FAST_MATH = YES;
				ONLY_ACTIVE_ARCH = YES;
				SDKROOT = iphoneos;
				SWIFT_ACTIVE_COMPILATION_CONDITIONS = "DEBUG $(inherited)";
				SWIFT_OPTIMIZATION_LEVEL = "-Onone";
			};
			name = Debug;
		};
		57CBDD3C2AFAA99A00051588 /* Release */ = {
			isa = XCBuildConfiguration;
			buildSettings = {
				ALWAYS_SEARCH_USER_PATHS = NO;
				ASSETCATALOG_COMPILER_GENERATE_SWIFT_ASSET_SYMBOL_EXTENSIONS = YES;
				CLANG_ANALYZER_NONNULL = YES;
				CLANG_ANALYZER_NUMBER_OBJECT_CONVERSION = YES_AGGRESSIVE;
				CLANG_CXX_LANGUAGE_STANDARD = "gnu++20";
				CLANG_ENABLE_MODULES = YES;
				CLANG_ENABLE_OBJC_ARC = YES;
				CLANG_ENABLE_OBJC_WEAK = YES;
				CLANG_WARN_BLOCK_CAPTURE_AUTORELEASING = YES;
				CLANG_WARN_BOOL_CONVERSION = YES;
				CLANG_WARN_COMMA = YES;
				CLANG_WARN_CONSTANT_CONVERSION = YES;
				CLANG_WARN_DEPRECATED_OBJC_IMPLEMENTATIONS = YES;
				CLANG_WARN_DIRECT_OBJC_ISA_USAGE = YES_ERROR;
				CLANG_WARN_DOCUMENTATION_COMMENTS = YES;
				CLANG_WARN_EMPTY_BODY = YES;
				CLANG_WARN_ENUM_CONVERSION = YES;
				CLANG_WARN_INFINITE_RECURSION = YES;
				CLANG_WARN_INT_CONVERSION = YES;
				CLANG_WARN_NON_LITERAL_NULL_CONVERSION = YES;
				CLANG_WARN_OBJC_IMPLICIT_RETAIN_SELF = YES;
				CLANG_WARN_OBJC_LITERAL_CONVERSION = YES;
				CLANG_WARN_OBJC_ROOT_CLASS = YES_ERROR;
				CLANG_WARN_QUOTED_INCLUDE_IN_FRAMEWORK_HEADER = YES;
				CLANG_WARN_RANGE_LOOP_ANALYSIS = YES;
				CLANG_WARN_STRICT_PROTOTYPES = YES;
				CLANG_WARN_SUSPICIOUS_MOVE = YES;
				CLANG_WARN_UNGUARDED_AVAILABILITY = YES_AGGRESSIVE;
				CLANG_WARN_UNREACHABLE_CODE = YES;
				CLANG_WARN__DUPLICATE_METHOD_MATCH = YES;
				COPY_PHASE_STRIP = NO;
				DEBUG_INFORMATION_FORMAT = "dwarf-with-dsym";
				ENABLE_NS_ASSERTIONS = NO;
				ENABLE_STRICT_OBJC_MSGSEND = YES;
				ENABLE_USER_SCRIPT_SANDBOXING = YES;
				GCC_C_LANGUAGE_STANDARD = gnu17;
				GCC_NO_COMMON_BLOCKS = YES;
				GCC_WARN_64_TO_32_BIT_CONVERSION = YES;
				GCC_WARN_ABOUT_RETURN_TYPE = YES_ERROR;
				GCC_WARN_UNDECLARED_SELECTOR = YES;
				GCC_WARN_UNINITIALIZED_AUTOS = YES_AGGRESSIVE;
				GCC_WARN_UNUSED_FUNCTION = YES;
				GCC_WARN_UNUSED_VARIABLE = YES;
				IPHONEOS_DEPLOYMENT_TARGET = 17.0;
				LOCALIZATION_PREFERS_STRING_CATALOGS = YES;
				MTL_ENABLE_DEBUG_INFO = NO;
				MTL_FAST_MATH = YES;
				SDKROOT = iphoneos;
				SWIFT_COMPILATION_MODE = wholemodule;
				VALIDATE_PRODUCT = YES;
			};
			name = Release;
		};
		57CBDD3E2AFAA99A00051588 /* Debug */ = {
			isa = XCBuildConfiguration;
			buildSettings = {
				ASSETCATALOG_COMPILER_APPICON_NAME = AppIcon;
				ASSETCATALOG_COMPILER_GLOBAL_ACCENT_COLOR_NAME = AccentColor;
				CODE_SIGN_STYLE = Automatic;
				CURRENT_PROJECT_VERSION = 1;
				DEVELOPMENT_ASSET_PATHS = "\"To Do App/Preview Content\"";
				DEVELOPMENT_TEAM = NPRT865TP9;
				ENABLE_PREVIEWS = YES;
				GENERATE_INFOPLIST_FILE = YES;
				INFOPLIST_KEY_UIApplicationSceneManifest_Generation = YES;
				INFOPLIST_KEY_UIApplicationSupportsIndirectInputEvents = YES;
				INFOPLIST_KEY_UILaunchScreen_Generation = YES;
				INFOPLIST_KEY_UISupportedInterfaceOrientations_iPad = "UIInterfaceOrientationPortrait UIInterfaceOrientationPortraitUpsideDown UIInterfaceOrientationLandscapeLeft UIInterfaceOrientationLandscapeRight";
				INFOPLIST_KEY_UISupportedInterfaceOrientations_iPhone = "UIInterfaceOrientationPortrait UIInterfaceOrientationLandscapeLeft UIInterfaceOrientationLandscapeRight";
				LD_RUNPATH_SEARCH_PATHS = (
					"$(inherited)",
					"@executable_path/Frameworks",
				);
				MARKETING_VERSION = 1.0;
				PRODUCT_BUNDLE_IDENTIFIER = "SG100.To-Do-App";
				PRODUCT_NAME = "$(TARGET_NAME)";
				SWIFT_EMIT_LOC_STRINGS = YES;
				SWIFT_VERSION = 5.0;
				TARGETED_DEVICE_FAMILY = "1,2";
			};
			name = Debug;
		};
		57CBDD3F2AFAA99A00051588 /* Release */ = {
			isa = XCBuildConfiguration;
			buildSettings = {
				ASSETCATALOG_COMPILER_APPICON_NAME = AppIcon;
				ASSETCATALOG_COMPILER_GLOBAL_ACCENT_COLOR_NAME = AccentColor;
				CODE_SIGN_STYLE = Automatic;
				CURRENT_PROJECT_VERSION = 1;
				DEVELOPMENT_ASSET_PATHS = "\"To Do App/Preview Content\"";
				DEVELOPMENT_TEAM = NPRT865TP9;
				ENABLE_PREVIEWS = YES;
				GENERATE_INFOPLIST_FILE = YES;
				INFOPLIST_KEY_UIApplicationSceneManifest_Generation = YES;
				INFOPLIST_KEY_UIApplicationSupportsIndirectInputEvents = YES;
				INFOPLIST_KEY_UILaunchScreen_Generation = YES;
				INFOPLIST_KEY_UISupportedInterfaceOrientations_iPad = "UIInterfaceOrientationPortrait UIInterfaceOrientationPortraitUpsideDown UIInterfaceOrientationLandscapeLeft UIInterfaceOrientationLandscapeRight";
				INFOPLIST_KEY_UISupportedInterfaceOrientations_iPhone = "UIInterfaceOrientationPortrait UIInterfaceOrientationLandscapeLeft UIInterfaceOrientationLandscapeRight";
				LD_RUNPATH_SEARCH_PATHS = (
					"$(inherited)",
					"@executable_path/Frameworks",
				);
				MARKETING_VERSION = 1.0;
				PRODUCT_BUNDLE_IDENTIFIER = "SG100.To-Do-App";
				PRODUCT_NAME = "$(TARGET_NAME)";
				SWIFT_EMIT_LOC_STRINGS = YES;
				SWIFT_VERSION = 5.0;
				TARGETED_DEVICE_FAMILY = "1,2";
			};
			name = Release;
		};
		57CBDD412AFAA99A00051588 /* Debug */ = {
			isa = XCBuildConfiguration;
			buildSettings = {
				ALWAYS_EMBED_SWIFT_STANDARD_LIBRARIES = YES;
				BUNDLE_LOADER = "$(TEST_HOST)";
				CODE_SIGN_STYLE = Automatic;
				CURRENT_PROJECT_VERSION = 1;
				DEVELOPMENT_TEAM = NPRT865TP9;
				GENERATE_INFOPLIST_FILE = YES;
				IPHONEOS_DEPLOYMENT_TARGET = 17.0;
				MARKETING_VERSION = 1.0;
				PRODUCT_BUNDLE_IDENTIFIER = "SG100.To-Do-AppTests";
				PRODUCT_NAME = "$(TARGET_NAME)";
				SWIFT_EMIT_LOC_STRINGS = NO;
				SWIFT_VERSION = 5.0;
				TARGETED_DEVICE_FAMILY = "1,2";
				TEST_HOST = "$(BUILT_PRODUCTS_DIR)/To Do App.app/$(BUNDLE_EXECUTABLE_FOLDER_PATH)/To Do App";
			};
			name = Debug;
		};
		57CBDD422AFAA99A00051588 /* Release */ = {
			isa = XCBuildConfiguration;
			buildSettings = {
				ALWAYS_EMBED_SWIFT_STANDARD_LIBRARIES = YES;
				BUNDLE_LOADER = "$(TEST_HOST)";
				CODE_SIGN_STYLE = Automatic;
				CURRENT_PROJECT_VERSION = 1;
				DEVELOPMENT_TEAM = NPRT865TP9;
				GENERATE_INFOPLIST_FILE = YES;
				IPHONEOS_DEPLOYMENT_TARGET = 17.0;
				MARKETING_VERSION = 1.0;
				PRODUCT_BUNDLE_IDENTIFIER = "SG100.To-Do-AppTests";
				PRODUCT_NAME = "$(TARGET_NAME)";
				SWIFT_EMIT_LOC_STRINGS = NO;
				SWIFT_VERSION = 5.0;
				TARGETED_DEVICE_FAMILY = "1,2";
				TEST_HOST = "$(BUILT_PRODUCTS_DIR)/To Do App.app/$(BUNDLE_EXECUTABLE_FOLDER_PATH)/To Do App";
			};
			name = Release;
		};
		57CBDD442AFAA99A00051588 /* Debug */ = {
			isa = XCBuildConfiguration;
			buildSettings = {
				ALWAYS_EMBED_SWIFT_STANDARD_LIBRARIES = YES;
				CODE_SIGN_STYLE = Automatic;
				CURRENT_PROJECT_VERSION = 1;
				DEVELOPMENT_TEAM = NPRT865TP9;
				GENERATE_INFOPLIST_FILE = YES;
				MARKETING_VERSION = 1.0;
				PRODUCT_BUNDLE_IDENTIFIER = "SG100.To-Do-AppUITests";
				PRODUCT_NAME = "$(TARGET_NAME)";
				SWIFT_EMIT_LOC_STRINGS = NO;
				SWIFT_VERSION = 5.0;
				TARGETED_DEVICE_FAMILY = "1,2";
				TEST_TARGET_NAME = "To Do App";
			};
			name = Debug;
		};
		57CBDD452AFAA99A00051588 /* Release */ = {
			isa = XCBuildConfiguration;
			buildSettings = {
				ALWAYS_EMBED_SWIFT_STANDARD_LIBRARIES = YES;
				CODE_SIGN_STYLE = Automatic;
				CURRENT_PROJECT_VERSION = 1;
				DEVELOPMENT_TEAM = NPRT865TP9;
				GENERATE_INFOPLIST_FILE = YES;
				MARKETING_VERSION = 1.0;
				PRODUCT_BUNDLE_IDENTIFIER = "SG100.To-Do-AppUITests";
				PRODUCT_NAME = "$(TARGET_NAME)";
				SWIFT_EMIT_LOC_STRINGS = NO;
				SWIFT_VERSION = 5.0;
				TARGETED_DEVICE_FAMILY = "1,2";
				TEST_TARGET_NAME = "To Do App";
			};
			name = Release;
		};
/* End XCBuildConfiguration section */

/* Begin XCConfigurationList section */
		57CBDD0F2AFAA99700051588 /* Build configuration list for PBXProject "To Do App" */ = {
			isa = XCConfigurationList;
			buildConfigurations = (
				57CBDD3B2AFAA99A00051588 /* Debug */,
				57CBDD3C2AFAA99A00051588 /* Release */,
			);
			defaultConfigurationIsVisible = 0;
			defaultConfigurationName = Release;
		};
		57CBDD3D2AFAA99A00051588 /* Build configuration list for PBXNativeTarget "To Do App" */ = {
			isa = XCConfigurationList;
			buildConfigurations = (
				57CBDD3E2AFAA99A00051588 /* Debug */,
				57CBDD3F2AFAA99A00051588 /* Release */,
			);
			defaultConfigurationIsVisible = 0;
			defaultConfigurationName = Release;
		};
		57CBDD402AFAA99A00051588 /* Build configuration list for PBXNativeTarget "To Do AppTests" */ = {
			isa = XCConfigurationList;
			buildConfigurations = (
				57CBDD412AFAA99A00051588 /* Debug */,
				57CBDD422AFAA99A00051588 /* Release */,
			);
			defaultConfigurationIsVisible = 0;
			defaultConfigurationName = Release;
		};
		57CBDD432AFAA99A00051588 /* Build configuration list for PBXNativeTarget "To Do AppUITests" */ = {
			isa = XCConfigurationList;
			buildConfigurations = (
				57CBDD442AFAA99A00051588 /* Debug */,
				57CBDD452AFAA99A00051588 /* Release */,
			);
			defaultConfigurationIsVisible = 0;
			defaultConfigurationName = Release;
		};
/* End XCConfigurationList section */

/* Begin XCVersionGroup section */
		57CBDD222AFAA99A00051588 /* To_Do_App.xcdatamodeld */ = {
			isa = XCVersionGroup;
			children = (
				57CBDD232AFAA99A00051588 /* To_Do_App.xcdatamodel */,
			);
			currentVersion = 57CBDD232AFAA99A00051588 /* To_Do_App.xcdatamodel */;
			path = To_Do_App.xcdatamodeld;
			sourceTree = "<group>";
			versionGroupType = wrapper.xcdatamodel;
		};
/* End XCVersionGroup section */
	};
	rootObject = 57CBDD0C2AFAA99700051588 /* Project object */;
}
